
Microsoft Visual Studio Solution File, Format Version 12.00
# Visual Studio 2012
Project("{FAE04EC0-301F-11D3-BF4B-00C04F79EFBC}") = "Lab3", "Lab3\Lab3.csproj", "{9F108B4D-0645-441A-B4F1-F2BEB7958A12}"
EndProject
Project("{FAE04EC0-301F-11D3-BF4B-00C04F79EFBC}") = "Lab3.iOS", "iOS\Lab3.iOS.csproj", "{213F6813-2DE7-4E0B-A6C3-34818E166906}"
EndProject
Project("{FAE04EC0-301F-11D3-BF4B-00C04F79EFBC}") = "Lab3.Droid", "Droid\Lab3.Droid.csproj", "{2582918E-FCF0-4408-A132-07E68BD728D8}"
EndProject
Global
	GlobalSection(SolutionConfigurationPlatforms) = preSolution
		Debug|Any CPU = Debug|Any CPU
		Release|Any CPU = Release|Any CPU
		Debug|iPhoneSimulator = Debug|iPhoneSimulator
		Release|iPhone = Release|iPhone
		Release|iPhoneSimulator = Release|iPhoneSimulator
		Debug|iPhone = Debug|iPhone
	EndGlobalSection
	GlobalSection(ProjectConfigurationPlatforms) = postSolution
		{9F108B4D-0645-441A-B4F1-F2BEB7958A12}.Debug|Any CPU.ActiveCfg = Debug|Any CPU
		{9F108B4D-0645-441A-B4F1-F2BEB7958A12}.Debug|Any CPU.Build.0 = Debug|Any CPU
		{9F108B4D-0645-441A-B4F1-F2BEB7958A12}.Release|Any CPU.ActiveCfg = Release|Any CPU
		{9F108B4D-0645-441A-B4F1-F2BEB7958A12}.Release|Any CPU.Build.0 = Release|Any CPU
		{9F108B4D-0645-441A-B4F1-F2BEB7958A12}.Debug|iPhoneSimulator.ActiveCfg = Debug|Any CPU
		{9F108B4D-0645-441A-B4F1-F2BEB7958A12}.Debug|iPhoneSimulator.Build.0 = Debug|Any CPU
		{9F108B4D-0645-441A-B4F1-F2BEB7958A12}.Release|iPhone.ActiveCfg = Release|Any CPU
		{9F108B4D-0645-441A-B4F1-F2BEB7958A12}.Release|iPhone.Build.0 = Release|Any CPU
		{9F108B4D-0645-441A-B4F1-F2BEB7958A12}.Release|iPhoneSimulator.ActiveCfg = Release|Any CPU
		{9F108B4D-0645-441A-B4F1-F2BEB7958A12}.Release|iPhoneSimulator.Build.0 = Release|Any CPU
		{9F108B4D-0645-441A-B4F1-F2BEB7958A12}.Debug|iPhone.ActiveCfg = Debug|Any CPU
		{9F108B4D-0645-441A-B4F1-F2BEB7958A12}.Debug|iPhone.Build.0 = Debug|Any CPU
		{213F6813-2DE7-4E0B-A6C3-34818E166906}.Debug|Any CPU.ActiveCfg = Debug|iPhoneSimulator
		{213F6813-2DE7-4E0B-A6C3-34818E166906}.Debug|Any CPU.Build.0 = Debug|iPhoneSimulator
		{213F6813-2DE7-4E0B-A6C3-34818E166906}.Release|Any CPU.ActiveCfg = Release|iPhone
		{213F6813-2DE7-4E0B-A6C3-34818E166906}.Release|Any CPU.Build.0 = Release|iPhone
		{213F6813-2DE7-4E0B-A6C3-34818E166906}.Debug|iPhoneSimulator.ActiveCfg = Debug|iPhoneSimulator
		{213F6813-2DE7-4E0B-A6C3-34818E166906}.Debug|iPhoneSimulator.Build.0 = Debug|iPhoneSimulator
		{213F6813-2DE7-4E0B-A6C3-34818E166906}.Release|iPhone.ActiveCfg = Release|iPhone
		{213F6813-2DE7-4E0B-A6C3-34818E166906}.Release|iPhone.Build.0 = Release|iPhone
		{213F6813-2DE7-4E0B-A6C3-34818E166906}.Release|iPhoneSimulator.ActiveCfg = Release|iPhoneSimulator
		{213F6813-2DE7-4E0B-A6C3-34818E166906}.Release|iPhoneSimulator.Build.0 = Release|iPhoneSimulator
		{213F6813-2DE7-4E0B-A6C3-34818E166906}.Debug|iPhone.ActiveCfg = Debug|iPhone
		{213F6813-2DE7-4E0B-A6C3-34818E166906}.Debug|iPhone.Build.0 = Debug|iPhone
		{2582918E-FCF0-4408-A132-07E68BD728D8}.Debug|Any CPU.ActiveCfg = Debug|Any CPU
		{2582918E-FCF0-4408-A132-07E68BD728D8}.Debug|Any CPU.Build.0 = Debug|Any CPU
		{2582918E-FCF0-4408-A132-07E68BD728D8}.Release|Any CPU.ActiveCfg = Release|Any CPU
		{2582918E-FCF0-4408-A132-07E68BD728D8}.Release|Any CPU.Build.0 = Release|Any CPU
		{2582918E-FCF0-4408-A132-07E68BD728D8}.Debug|iPhoneSimulator.ActiveCfg = Debug|Any CPU
		{2582918E-FCF0-4408-A132-07E68BD728D8}.Debug|iPhoneSimulator.Build.0 = Debug|Any CPU
		{2582918E-FCF0-4408-A132-07E68BD728D8}.Release|iPhone.ActiveCfg = Release|Any CPU
		{2582918E-FCF0-4408-A132-07E68BD728D8}.Release|iPhone.Build.0 = Release|Any CPU
		{2582918E-FCF0-4408-A132-07E68BD728D8}.Release|iPhoneSimulator.ActiveCfg = Release|Any CPU
		{2582918E-FCF0-4408-A132-07E68BD728D8}.Release|iPhoneSimulator.Build.0 = Release|Any CPU
		{2582918E-FCF0-4408-A132-07E68BD728D8}.Debug|iPhone.ActiveCfg = Debug|Any CPU
		{2582918E-FCF0-4408-A132-07E68BD728D8}.Debug|iPhone.Build.0 = Debug|Any CPU
	EndGlobalSection
EndGlobal
